<?xml version="1.0" encoding="utf-8"?>
<Project ToolsVersion="4.0" xmlns="http://schemas.microsoft.com/developer/msbuild/2003">
  <ItemGroup>
    <Filter Include="Source Files">
      <UniqueIdentifier>{4FC737F1-C7A5-4376-A066-2A32D752A2FF}</UniqueIdentifier>
      <Extensions>cpp;c;cc;cxx;def;odl;idl;hpj;bat;asm;asmx</Extensions>
    </Filter>
    <Filter Include="Resource Files">
      <UniqueIdentifier>{67DA6AB6-F800-4c08-8B7A-83BB121AAD01}</UniqueIdentifier>
      <Extensions>rc;ico;cur;bmp;dlg;rc2;rct;bin;rgs;gif;jpg;jpeg;jpe;resx;tiff;tif;png;wav;mfcribbon-ms</Extensions>
    </Filter>
    <Filter Include="Externals">
      <UniqueIdentifier>{2a5e6e2b-2a58-4ba2-8896-3275dd355b85}</UniqueIdentifier>
    </Filter>
    <Filter Include="Source Files\File Formats">
      <UniqueIdentifier>{687ff245-5975-45f1-96c2-bad3c1344bb2}</UniqueIdentifier>
    </Filter>
    <Filter Include="Source Files\Windows">
      <UniqueIdentifier>{68039922-194d-43ec-a465-136e2393e925}</UniqueIdentifier>
    </Filter>
  </ItemGroup>
  <ItemGroup>
    <ClCompile Include="Hash.cpp">
      <Filter>Source Files</Filter>
    </ClCompile>
    <ClCompile Include="Camera.cpp">
      <Filter>Source Files</Filter>
    </ClCompile>
    <ClCompile Include="Common.cpp">
      <Filter>Source Files</Filter>
    </ClCompile>
    <ClCompile Include="LoadingScreen.cpp">
      <Filter>Source Files</Filter>
    </ClCompile>
    <ClCompile Include="Dialog.cpp">
      <Filter>Source Files</Filter>
    </ClCompile>
    <ClCompile Include="Entity.cpp">
      <Filter>Source Files</Filter>
    </ClCompile>
    <ClCompile Include="DDRenderInterface.cpp">
      <Filter>Externals</Filter>
    </ClCompile>
    <ClCompile Include="tinyxml2.cpp">
      <Filter>Externals</Filter>
    </ClCompile>
    <ClCompile Include="stb_vorbis.c">
      <Filter>Externals</Filter>
    </ClCompile>
    <ClCompile Include="Implementation.cpp">
      <Filter>Externals</Filter>
    </ClCompile>
    <ClCompile Include="imgui_draw.cpp">
      <Filter>Externals</Filter>
    </ClCompile>
    <ClCompile Include="imgui.cpp">
      <Filter>Externals</Filter>
    </ClCompile>
    <ClCompile Include="glad.c">
      <Filter>Externals</Filter>
    </ClCompile>
    <ClCompile Include="batchFile.cpp">
      <Filter>Source Files\File Formats</Filter>
    </ClCompile>
    <ClCompile Include="CSector.cpp">
      <Filter>Source Files\File Formats</Filter>
    </ClCompile>
    <ClCompile Include="cseqFile.cpp">
      <Filter>Source Files\File Formats</Filter>
    </ClCompile>
    <ClCompile Include="DatFat.cpp">
      <Filter>Source Files\File Formats</Filter>
    </ClCompile>
    <ClCompile Include="xbtFile.cpp">
      <Filter>Source Files\File Formats</Filter>
    </ClCompile>
    <ClCompile Include="xbgFile.cpp">
      <Filter>Source Files\File Formats</Filter>
    </ClCompile>
    <ClCompile Include="wluFile.cpp">
      <Filter>Source Files\File Formats</Filter>
    </ClCompile>
    <ClCompile Include="spkFile.cpp">
      <Filter>Source Files\File Formats</Filter>
    </ClCompile>
    <ClCompile Include="sbaoFile.cpp">
      <Filter>Source Files\File Formats</Filter>
    </ClCompile>
    <ClCompile Include="RML.cpp">
      <Filter>Source Files\File Formats</Filter>
    </ClCompile>
    <ClCompile Include="NBCF.cpp">
      <Filter>Source Files\File Formats</Filter>
    </ClCompile>
    <ClCompile Include="materialFile.cpp">
      <Filter>Source Files\File Formats</Filter>
    </ClCompile>
    <ClCompile Include="RoadNetwork.cpp">
      <Filter>Source Files\File Formats</Filter>
    </ClCompile>
    <ClCompile Include="hkxFile.cpp">
      <Filter>Source Files\File Formats</Filter>
    </ClCompile>
    <ClCompile Include="DominoBox.cpp">
      <Filter>Source Files\File Formats</Filter>
    </ClCompile>
    <ClCompile Include="locFile.cpp">
      <Filter>Source Files\File Formats</Filter>
    </ClCompile>
    <ClCompile Include="ImGuizmo.cpp">
      <Filter>Externals</Filter>
    </ClCompile>
    <ClCompile Include="ImSequencer.cpp">
      <Filter>Externals</Filter>
    </ClCompile>
    <ClCompile Include="Adpcm.cpp">
      <Filter>Externals</Filter>
    </ClCompile>
    <ClCompile Include="mabFile.cpp">
      <Filter>Source Files\File Formats</Filter>
    </ClCompile>
    <ClCompile Include="FileHandler.cpp">
      <Filter>Source Files</Filter>
    </ClCompile>
    <ClCompile Include="imgui_impl_opengl3.cpp">
      <Filter>Externals</Filter>
    </ClCompile>
    <ClCompile Include="imgui_impl_sdl.cpp">
      <Filter>Externals</Filter>
    </ClCompile>
    <ClCompile Include="imgui_widgets.cpp">
      <Filter>Externals</Filter>
    </ClCompile>
    <ClCompile Include="Serialization.cpp">
      <Filter>Source Files</Filter>
    </ClCompile>
    <ClCompile Include="World.cpp">
      <Filter>Source Files</Filter>
    </ClCompile>
    <ClCompile Include="Audio.cpp">
      <Filter>Source Files</Filter>
    </ClCompile>
    <ClCompile Include="DAREWindow.cpp">
      <Filter>Source Files\Windows</Filter>
    </ClCompile>
    <ClCompile Include="DominoWindow.cpp">
      <Filter>Source Files\Windows</Filter>
    </ClCompile>
    <ClCompile Include="EntityLibraryWindow.cpp">
      <Filter>Source Files\Windows</Filter>
    </ClCompile>
    <ClCompile Include="CPathID.cpp">
      <Filter>Source Files</Filter>
    </ClCompile>
    <ClCompile Include="CStringID.cpp">
      <Filter>Source Files</Filter>
    </ClCompile>
    <ClCompile Include="ImguiWindows.cpp">
      <Filter>Source Files\Windows</Filter>
    </ClCompile>
    <ClCompile Include="CBATCHWindow.cpp">
      <Filter>Source Files\Windows</Filter>
    </ClCompile>
    <ClCompile Include="IBinaryArchive.cpp">
      <Filter>Source Files</Filter>
    </ClCompile>
    <ClCompile Include="HexBase64.cpp">
      <Filter>Source Files</Filter>
    </ClCompile>
    <ClCompile Include="MaterialWindow.cpp">
      <Filter>Source Files\Windows</Filter>
    </ClCompile>
    <ClCompile Include="DB.cpp">
      <Filter>Source Files</Filter>
    </ClCompile>
    <ClCompile Include="sqlite3.c">
      <Filter>Externals</Filter>
    </ClCompile>
    <ClCompile Include="Types.cpp">
      <Filter>Source Files</Filter>
    </ClCompile>
    <ClCompile Include="DARE.cpp">
      <Filter>Source Files</Filter>
    </ClCompile>
    <ClCompile Include="xbgMipFile.cpp">
      <Filter>Source Files\File Formats</Filter>
    </ClCompile>
    <ClCompile Include="embedFile.cpp">
      <Filter>Source Files\File Formats</Filter>
    </ClCompile>
    <ClCompile Include="CDobbsID.cpp">
      <Filter>Source Files</Filter>
    </ClCompile>
    <ClCompile Include="bundleFile.cpp">
      <Filter>Source Files\File Formats</Filter>
    </ClCompile>
    <ClCompile Include="DisruptTypes.cpp">
      <Filter>Source Files\File Formats</Filter>
    </ClCompile>
    <ClCompile Include="ImCurveEdit.cpp">
      <Filter>Externals</Filter>
    </ClCompile>
    <ClCompile Include="ImGradient.cpp">
      <Filter>Externals</Filter>
    </ClCompile>
    <ClCompile Include="SectorWindow.cpp">
      <Filter>Source Files\Windows</Filter>
    </ClCompile>
    <ClCompile Include="SplineLoft.cpp">
      <Filter>Source Files</Filter>
    </ClCompile>
  </ItemGroup>
  <ItemGroup>
    <ClInclude Include="stb_image.h">
      <Filter>Externals</Filter>
    </ClInclude>
    <ClInclude Include="stb_image_write.h">
      <Filter>Externals</Filter>
    </ClInclude>
    <ClInclude Include="stb_rect_pack.h">
      <Filter>Externals</Filter>
    </ClInclude>
    <ClInclude Include="stb_textedit.h">
      <Filter>Externals</Filter>
    </ClInclude>
    <ClInclude Include="stb_truetype.h">
      <Filter>Externals</Filter>
    </ClInclude>
    <ClInclude Include="tinyfiles.h">
      <Filter>Externals</Filter>
    </ClInclude>
    <ClInclude Include="tinyxml2.h">
      <Filter>Externals</Filter>
    </ClInclude>
    <ClInclude Include="Implementation.h">
      <Filter>Externals</Filter>
    </ClInclude>
    <ClInclude Include="khrplatform.h">
      <Filter>Externals</Filter>
    </ClInclude>
    <ClInclude Include="glad.h">
      <Filter>Externals</Filter>
    </ClInclude>
    <ClInclude Include="Vector.h">
      <Filter>Externals</Filter>
    </ClInclude>
    <ClInclude Include="noc_file_dialog.h">
      <Filter>Externals</Filter>
    </ClInclude>
    <ClInclude Include="DDRenderInterface.h">
      <Filter>Externals</Filter>
    </ClInclude>
    <ClInclude Include="debug_draw.hpp">
      <Filter>Externals</Filter>
    </ClInclude>
    <ClInclude Include="Camera.h">
      <Filter>Source Files</Filter>
    </ClInclude>
    <ClInclude Include="Common.h">
      <Filter>Source Files</Filter>
    </ClInclude>
    <ClInclude Include="Dialog.h">
      <Filter>Source Files</Filter>
    </ClInclude>
    <ClInclude Include="Entity.h">
      <Filter>Source Files</Filter>
    </ClInclude>
    <ClInclude Include="GLHelper.h">
      <Filter>Source Files</Filter>
    </ClInclude>
    <ClInclude Include="Hash.h">
      <Filter>Source Files</Filter>
    </ClInclude>
    <ClInclude Include="LoadingScreen.h">
      <Filter>Source Files</Filter>
    </ClInclude>
    <ClInclude Include="batchFile.h">
      <Filter>Source Files\File Formats</Filter>
    </ClInclude>
    <ClInclude Include="CSector.h">
      <Filter>Source Files\File Formats</Filter>
    </ClInclude>
    <ClInclude Include="cseqFile.h">
      <Filter>Source Files\File Formats</Filter>
    </ClInclude>
    <ClInclude Include="DatFat.h">
      <Filter>Source Files\File Formats</Filter>
    </ClInclude>
    <ClInclude Include="xbtFile.h">
      <Filter>Source Files\File Formats</Filter>
    </ClInclude>
    <ClInclude Include="xbgFile.h">
      <Filter>Source Files\File Formats</Filter>
    </ClInclude>
    <ClInclude Include="wluFile.h">
      <Filter>Source Files\File Formats</Filter>
    </ClInclude>
    <ClInclude Include="spkFile.h">
      <Filter>Source Files\File Formats</Filter>
    </ClInclude>
    <ClInclude Include="sbaoFile.h">
      <Filter>Source Files\File Formats</Filter>
    </ClInclude>
    <ClInclude Include="RML.h">
      <Filter>Source Files\File Formats</Filter>
    </ClInclude>
    <ClInclude Include="NBCF.h">
      <Filter>Source Files\File Formats</Filter>
    </ClInclude>
    <ClInclude Include="materialFile.h">
      <Filter>Source Files\File Formats</Filter>
    </ClInclude>
    <ClInclude Include="RoadNetwork.h">
      <Filter>Source Files\File Formats</Filter>
    </ClInclude>
    <ClInclude Include="hkxFile.h">
      <Filter>Source Files\File Formats</Filter>
    </ClInclude>
    <ClInclude Include="DominoBox.h">
      <Filter>Source Files\File Formats</Filter>
    </ClInclude>
    <ClInclude Include="locFile.h">
      <Filter>Source Files\File Formats</Filter>
    </ClInclude>
    <ClInclude Include="ImSequencer.h">
      <Filter>Externals</Filter>
    </ClInclude>
    <ClInclude Include="ImGuizmo.h">
      <Filter>Externals</Filter>
    </ClInclude>
    <ClInclude Include="Adpcm.h">
      <Filter>Externals</Filter>
    </ClInclude>
    <ClInclude Include="dr_wav.h">
      <Filter>Externals</Filter>
    </ClInclude>
    <ClInclude Include="mabFile.h">
      <Filter>Source Files\File Formats</Filter>
    </ClInclude>
    <ClInclude Include="FileHandler.h">
      <Filter>Source Files</Filter>
    </ClInclude>
    <ClInclude Include="imgui_impl_sdl.h">
      <Filter>Externals</Filter>
    </ClInclude>
    <ClInclude Include="imgui_impl_opengl3.h">
      <Filter>Externals</Filter>
    </ClInclude>
    <ClInclude Include="imconfig.h">
      <Filter>Externals</Filter>
    </ClInclude>
    <ClInclude Include="imgui\imstb_rectpack.h">
      <Filter>Externals</Filter>
    </ClInclude>
    <ClInclude Include="imgui\imstb_textedit.h">
      <Filter>Externals</Filter>
    </ClInclude>
    <ClInclude Include="imgui\imstb_truetype.h">
      <Filter>Externals</Filter>
    </ClInclude>
    <ClInclude Include="imgui_internal.h">
      <Filter>Externals</Filter>
    </ClInclude>
    <ClInclude Include="imgui.h">
      <Filter>Externals</Filter>
    </ClInclude>
    <ClInclude Include="Serialization.h">
      <Filter>Source Files</Filter>
    </ClInclude>
    <ClInclude Include="World.h">
      <Filter>Source Files</Filter>
    </ClInclude>
    <ClInclude Include="Audio.h">
      <Filter>Source Files</Filter>
    </ClInclude>
    <ClInclude Include="ImguiWindows.h">
      <Filter>Source Files\Windows</Filter>
    </ClInclude>
    <ClInclude Include="CPathID.h">
      <Filter>Source Files</Filter>
    </ClInclude>
    <ClInclude Include="CStringID.h">
      <Filter>Source Files</Filter>
    </ClInclude>
    <ClInclude Include="Pair.h">
      <Filter>Source Files</Filter>
    </ClInclude>
    <ClInclude Include="Version.h" />
    <ClInclude Include="IBinaryArchive.h">
      <Filter>Source Files</Filter>
    </ClInclude>
    <ClInclude Include="HexBase64.h">
      <Filter>Source Files</Filter>
    </ClInclude>
    <ClInclude Include="sqlite3.h">
      <Filter>Externals</Filter>
    </ClInclude>
    <ClInclude Include="sqlite3ext.h">
      <Filter>Externals</Filter>
    </ClInclude>
    <ClInclude Include="DB.h">
      <Filter>Source Files</Filter>
    </ClInclude>
    <ClInclude Include="Types.h">
      <Filter>Source Files</Filter>
    </ClInclude>
    <ClInclude Include="embedFile.h">
      <Filter>Source Files\File Formats</Filter>
    </ClInclude>
    <ClInclude Include="bundleFile.h">
      <Filter>Source Files\File Formats</Filter>
    </ClInclude>
    <ClInclude Include="DARE.h">
      <Filter>Source Files</Filter>
    </ClInclude>
    <ClInclude Include="xbgMipFile.h">
      <Filter>Source Files\File Formats</Filter>
    </ClInclude>
    <ClInclude Include="CDobbsID.h">
      <Filter>Source Files</Filter>
    </ClInclude>
    <ClInclude Include="DisruptTypes.h">
      <Filter>Source Files\File Formats</Filter>
    </ClInclude>
    <ClInclude Include="ImCurveEdit.h">
      <Filter>Externals</Filter>
    </ClInclude>
    <ClInclude Include="ImGradient.h">
      <Filter>Externals</Filter>
    </ClInclude>
    <ClInclude Include="SplineLoft.h" />
  </ItemGroup>
  <ItemGroup>
    <Natvis Include="NatvisFile.natvis" />
  </ItemGroup>
  <ItemGroup>
    <None Include="Windows.def">
      <Filter>Source Files\Windows</Filter>
    </None>
  </ItemGroup>
</Project>